
Microsoft Visual Studio Solution File, Format Version 12.00
# Visual Studio 15
VisualStudioVersion = 15.0.28307.271
MinimumVisualStudioVersion = 10.0.40219.1
Project("{FAE04EC0-301F-11D3-BF4B-00C04F79EFBC}") = "ParallelxReactive", "ParallelxReactive\ParallelxReactive.csproj", "{BF2480EC-04DF-4239-BDC1-957FB269C4DB}"
EndProject
Global
	GlobalSection(SolutionConfigurationPlatforms) = preSolution
		Debug|Any CPU = Debug|Any CPU
		Release|Any CPU = Release|Any CPU
	EndGlobalSection
	GlobalSection(ProjectConfigurationPlatforms) = postSolution
		{BF2480EC-04DF-4239-BDC1-957FB269C4DB}.Debug|Any CPU.ActiveCfg = Debug|Any CPU
		{BF2480EC-04DF-4239-BDC1-957FB269C4DB}.Debug|Any CPU.Build.0 = Debug|Any CPU
		{BF2480EC-04DF-4239-BDC1-957FB269C4DB}.Release|Any CPU.ActiveCfg = Release|Any CPU
		{BF2480EC-04DF-4239-BDC1-957FB269C4DB}.Release|Any CPU.Build.0 = Release|Any CPU
	EndGlobalSection
	GlobalSection(SolutionProperties) = preSolution
		HideSolutionNode = FALSE
	EndGlobalSection
	GlobalSection(ExtensibilityGlobals) = postSolution
		SolutionGuid = {FE912D1A-662A-42CE-B39A-090A353C789C}
	EndGlobalSection
EndGlobal
